
Microsoft Visual Studio Solution File, Format Version 12.00
# Visual Studio Version 17
VisualStudioVersion = 17.12.35527.113
MinimumVisualStudioVersion = 10.0.40219.1
Project("{9A19103F-16F7-4668-BE54-9A1E7A4F7556}") = "backend", "backend.csproj", "{12CC0E8B-99DC-4D1F-8BA5-A28AB684A93D}"
EndProject
Project("{9A19103F-16F7-4668-BE54-9A1E7A4F7556}") = "UniversalAgent", "..\agent-universal\UniversalAgent.csproj", "{CC9E196D-A5A2-4C4F-9D9D-497F1F58B325}"
EndProject
Global
	GlobalSection(SolutionConfigurationPlatforms) = preSolution
		Debug|Any CPU = Debug|Any CPU
		Release|Any CPU = Release|Any CPU
	EndGlobalSection
	GlobalSection(ProjectConfigurationPlatforms) = postSolution
		{12CC0E8B-99DC-4D1F-8BA5-A28AB684A93D}.Debug|Any CPU.ActiveCfg = Debug|Any CPU
		{12CC0E8B-99DC-4D1F-8BA5-A28AB684A93D}.Debug|Any CPU.Build.0 = Debug|Any CPU
		{12CC0E8B-99DC-4D1F-8BA5-A28AB684A93D}.Release|Any CPU.ActiveCfg = Release|Any CPU
		{12CC0E8B-99DC-4D1F-8BA5-A28AB684A93D}.Release|Any CPU.Build.0 = Release|Any CPU
		{CC9E196D-A5A2-4C4F-9D9D-497F1F58B325}.Debug|Any CPU.ActiveCfg = Debug|Any CPU
		{CC9E196D-A5A2-4C4F-9D9D-497F1F58B325}.Debug|Any CPU.Build.0 = Debug|Any CPU
		{CC9E196D-A5A2-4C4F-9D9D-497F1F58B325}.Release|Any CPU.ActiveCfg = Release|Any CPU
		{CC9E196D-A5A2-4C4F-9D9D-497F1F58B325}.Release|Any CPU.Build.0 = Release|Any CPU
	EndGlobalSection
	GlobalSection(SolutionProperties) = preSolution
		HideSolutionNode = FALSE
	EndGlobalSection
	GlobalSection(ExtensibilityGlobals) = postSolution
		SolutionGuid = {0CCAA579-B4B7-4D4F-9EE4-63FD0DB2F1EE}
	EndGlobalSection
EndGlobal
